
Microsoft Visual Studio Solution File, Format Version 12.00
# Visual Studio 15
Project("{FAE04EC0-301F-11D3-BF4B-00C04F79EFBC}") = "Assembly-CSharp", "Assembly-CSharp.csproj", "{B54D462F-8FFB-CD27-CD26-76AF820383D1}"
EndProject
Project("{FAE04EC0-301F-11D3-BF4B-00C04F79EFBC}") = "Assembly-CSharp-Editor", "Assembly-CSharp-Editor.csproj", "{A2A72DB8-2AAD-2A0B-3A26-6435FA832A57}"
EndProject
Global
	GlobalSection(SolutionConfigurationPlatforms) = preSolution
		Debug|Any CPU = Debug|Any CPU
		Release|Any CPU = Release|Any CPU
	EndGlobalSection
	GlobalSection(ProjectConfigurationPlatforms) = postSolution
		{B54D462F-8FFB-CD27-CD26-76AF820383D1}.Debug|Any CPU.ActiveCfg = Debug|Any CPU
		{B54D462F-8FFB-CD27-CD26-76AF820383D1}.Debug|Any CPU.Build.0 = Debug|Any CPU
		{B54D462F-8FFB-CD27-CD26-76AF820383D1}.Release|Any CPU.ActiveCfg = Release|Any CPU
		{B54D462F-8FFB-CD27-CD26-76AF820383D1}.Release|Any CPU.Build.0 = Release|Any CPU
		{A2A72DB8-2AAD-2A0B-3A26-6435FA832A57}.Debug|Any CPU.ActiveCfg = Debug|Any CPU
		{A2A72DB8-2AAD-2A0B-3A26-6435FA832A57}.Debug|Any CPU.Build.0 = Debug|Any CPU
		{A2A72DB8-2AAD-2A0B-3A26-6435FA832A57}.Release|Any CPU.ActiveCfg = Release|Any CPU
		{A2A72DB8-2AAD-2A0B-3A26-6435FA832A57}.Release|Any CPU.Build.0 = Release|Any CPU
	EndGlobalSection
	GlobalSection(SolutionProperties) = preSolution
		HideSolutionNode = FALSE
	EndGlobalSection
EndGlobal
